
Microsoft Visual Studio Solution File, Format Version 12.00
# Visual Studio Version 16
VisualStudioVersion = 16.0.32002.261
MinimumVisualStudioVersion = 10.0.40219.1
Project("{FAE04EC0-301F-11D3-BF4B-00C04F79EFBC}") = "Snake Game", "Snake Game.csproj", "{6F921BC0-4BFF-41BB-BA78-2CFDE69CA446}"
EndProject
Global
	GlobalSection(SolutionConfigurationPlatforms) = preSolution
		Debug|Any CPU = Debug|Any CPU
		Release|Any CPU = Release|Any CPU
	EndGlobalSection
	GlobalSection(ProjectConfigurationPlatforms) = postSolution
		{6F921BC0-4BFF-41BB-BA78-2CFDE69CA446}.Debug|Any CPU.ActiveCfg = Debug|Any CPU
		{6F921BC0-4BFF-41BB-BA78-2CFDE69CA446}.Debug|Any CPU.Build.0 = Debug|Any CPU
		{6F921BC0-4BFF-41BB-BA78-2CFDE69CA446}.Release|Any CPU.ActiveCfg = Release|Any CPU
		{6F921BC0-4BFF-41BB-BA78-2CFDE69CA446}.Release|Any CPU.Build.0 = Release|Any CPU
	EndGlobalSection
	GlobalSection(SolutionProperties) = preSolution
		HideSolutionNode = FALSE
	EndGlobalSection
	GlobalSection(ExtensibilityGlobals) = postSolution
		SolutionGuid = {86B3CC36-77CF-44B6-8956-CB45B8F3A104}
	EndGlobalSection
EndGlobal
